
Microsoft Visual Studio Solution File, Format Version 12.00
# Visual Studio Version 17
VisualStudioVersion = 17.4.33205.214
MinimumVisualStudioVersion = 10.0.40219.1
Project("{FAE04EC0-301F-11D3-BF4B-00C04F79EFBC}") = "MFI-API", "MFI-API\MFI-API.csproj", "{0A21DD57-0EF2-4F33-AD4C-55001E5DF4AE}"
EndProject
Global
	GlobalSection(SolutionConfigurationPlatforms) = preSolution
		Debug|Any CPU = Debug|Any CPU
		Release|Any CPU = Release|Any CPU
	EndGlobalSection
	GlobalSection(ProjectConfigurationPlatforms) = postSolution
		{0A21DD57-0EF2-4F33-AD4C-55001E5DF4AE}.Debug|Any CPU.ActiveCfg = Debug|Any CPU
		{0A21DD57-0EF2-4F33-AD4C-55001E5DF4AE}.Debug|Any CPU.Build.0 = Debug|Any CPU
		{0A21DD57-0EF2-4F33-AD4C-55001E5DF4AE}.Release|Any CPU.ActiveCfg = Release|Any CPU
		{0A21DD57-0EF2-4F33-AD4C-55001E5DF4AE}.Release|Any CPU.Build.0 = Release|Any CPU
	EndGlobalSection
	GlobalSection(SolutionProperties) = preSolution
		HideSolutionNode = FALSE
	EndGlobalSection
	GlobalSection(ExtensibilityGlobals) = postSolution
		SolutionGuid = {09A76FA9-DFDB-4AC9-94AB-77648122ABDD}
	EndGlobalSection
EndGlobal
